{"1.1.0",
[{<<"jsx">>,{pkg,<<"jsx">>,<<"2.8.2">>},0},
 {<<"rfc3339">>,{pkg,<<"rfc3339">>,<<"0.2.2">>},0}]}.
[
{pkg_hash,[
 {<<"jsx">>, <<"7ACC7D785B5ABE8A6E9ADBDE926A24E481F29956DD8B4DF49E3E4E7BCC92A018">>},
 {<<"rfc3339">>, <<"1552DF616ACA368D982E9F085A0E933B6688A3F4938A671798978EC2C0C58730">>}]}
].
